
Microsoft Visual Studio Solution File, Format Version 11.00
# Visual Studio 2010
Project("{FAE04EC0-301F-11D3-BF4B-00C04F79EFBC}") = "Assembly-CSharp", "Assembly-CSharp.csproj", "{C7FDE649-4F39-933F-48D9-6A371A6FBD84}"
EndProject
Project("{FAE04EC0-301F-11D3-BF4B-00C04F79EFBC}") = "Assembly-CSharp-firstpass", "Assembly-CSharp-firstpass.csproj", "{370A1B07-372C-AE2E-B6FF-C30A9248C063}"
EndProject
Project("{FAE04EC0-301F-11D3-BF4B-00C04F79EFBC}") = "Assembly-CSharp-Editor-firstpass", "Assembly-CSharp-Editor-firstpass.csproj", "{798ED411-89BE-870B-0409-07C44B77A4C3}"
EndProject
Global
	GlobalSection(SolutionConfigurationPlatforms) = preSolution
		Debug|Any CPU = Debug|Any CPU
		Release|Any CPU = Release|Any CPU
	EndGlobalSection
	GlobalSection(ProjectConfigurationPlatforms) = postSolution
		{C7FDE649-4F39-933F-48D9-6A371A6FBD84}.Debug|Any CPU.ActiveCfg = Debug|Any CPU
		{C7FDE649-4F39-933F-48D9-6A371A6FBD84}.Debug|Any CPU.Build.0 = Debug|Any CPU
		{C7FDE649-4F39-933F-48D9-6A371A6FBD84}.Release|Any CPU.ActiveCfg = Release|Any CPU
		{C7FDE649-4F39-933F-48D9-6A371A6FBD84}.Release|Any CPU.Build.0 = Release|Any CPU
		{370A1B07-372C-AE2E-B6FF-C30A9248C063}.Debug|Any CPU.ActiveCfg = Debug|Any CPU
		{370A1B07-372C-AE2E-B6FF-C30A9248C063}.Debug|Any CPU.Build.0 = Debug|Any CPU
		{370A1B07-372C-AE2E-B6FF-C30A9248C063}.Release|Any CPU.ActiveCfg = Release|Any CPU
		{370A1B07-372C-AE2E-B6FF-C30A9248C063}.Release|Any CPU.Build.0 = Release|Any CPU
		{798ED411-89BE-870B-0409-07C44B77A4C3}.Debug|Any CPU.ActiveCfg = Debug|Any CPU
		{798ED411-89BE-870B-0409-07C44B77A4C3}.Debug|Any CPU.Build.0 = Debug|Any CPU
		{798ED411-89BE-870B-0409-07C44B77A4C3}.Release|Any CPU.ActiveCfg = Release|Any CPU
		{798ED411-89BE-870B-0409-07C44B77A4C3}.Release|Any CPU.Build.0 = Release|Any CPU
	EndGlobalSection
	GlobalSection(SolutionProperties) = preSolution
		HideSolutionNode = FALSE
	EndGlobalSection
	GlobalSection(MonoDevelopProperties) = preSolution
		StartupItem = Assembly-CSharp.csproj
	EndGlobalSection
EndGlobal
